
Microsoft Visual Studio Solution File, Format Version 12.00
# Visual Studio Version 17
VisualStudioVersion = 17.0.31903.59
MinimumVisualStudioVersion = 10.0.40219.1
Project("{2150E333-8FDC-42A3-9474-1A3956D46DE8}") = "libs", "libs", "{04E81928-D921-47A9-8EA5-8A2A4101E4AB}"
EndProject
Project("{2150E333-8FDC-42A3-9474-1A3956D46DE8}") = "apps", "apps", "{C584744D-DCFA-4526-AA72-A092BD40AE55}"
EndProject
Project("{2150E333-8FDC-42A3-9474-1A3956D46DE8}") = "tools", "tools", "{CC789673-8B59-4389-B418-B3280EE932CA}"
EndProject
Project("{8BC9CEB8-8B4A-11D0-8D11-00A0C91BC942}") = "robots", "src\tools\robots\robots.vcxproj", "{C243338D-735F-427B-AACA-4FDEE61F3FF0}"
EndProject
Project("{8BC9CEB8-8B4A-11D0-8D11-00A0C91BC942}") = "login", "src\apps\login\login.vcxproj", "{20781841-DD8D-42F8-814D-DED93E4D5952}"
EndProject
Project("{8BC9CEB8-8B4A-11D0-8D11-00A0C91BC942}") = "dbmgr", "src\apps\dbmgr\dbmgr.vcxproj", "{2AFBCBAF-BEA1-46AE-ACD0-21AE641B217D}"
EndProject
Project("{8BC9CEB8-8B4A-11D0-8D11-00A0C91BC942}") = "appmgr", "src\apps\appmgr\appmgr.vcxproj", "{DA766644-4BE1-4395-9A1B-3787EC8EB3E6}"
EndProject
Project("{8BC9CEB8-8B4A-11D0-8D11-00A0C91BC942}") = "server", "src\libs\server\server.vcxproj", "{835A2C09-D34B-43B9-8895-2DDCAB5F59B3}"
EndProject
Project("{8BC9CEB8-8B4A-11D0-8D11-00A0C91BC942}") = "game", "src\apps\game\game.vcxproj", "{17F1126D-552E-4CE9-8CF3-FE13DC763BA0}"
EndProject
Project("{8BC9CEB8-8B4A-11D0-8D11-00A0C91BC942}") = "space", "src\apps\space\space.vcxproj", "{38F73BB3-458C-4C7E-AE84-5FEEAE2460D3}"
EndProject
Project("{8BC9CEB8-8B4A-11D0-8D11-00A0C91BC942}") = "player", "src\libs\player\player.vcxproj", "{D28ED1C3-AC2B-4F0D-A5B8-B5A1BD5F8C33}"
EndProject
Project("{8BC9CEB8-8B4A-11D0-8D11-00A0C91BC942}") = "resource", "src\libs\resource\resource.vcxproj", "{165F39ED-FEB2-48B4-A48A-0BCD96BACC7E}"
EndProject
Global
	GlobalSection(SolutionConfigurationPlatforms) = preSolution
		Debug|ARM = Debug|ARM
		Debug|ARM64 = Debug|ARM64
		Debug|x64 = Debug|x64
		Debug|x86 = Debug|x86
		Release|ARM = Release|ARM
		Release|ARM64 = Release|ARM64
		Release|x64 = Release|x64
		Release|x86 = Release|x86
	EndGlobalSection
	GlobalSection(ProjectConfigurationPlatforms) = postSolution
		{C243338D-735F-427B-AACA-4FDEE61F3FF0}.Debug|ARM.ActiveCfg = Debug|ARM
		{C243338D-735F-427B-AACA-4FDEE61F3FF0}.Debug|ARM.Build.0 = Debug|ARM
		{C243338D-735F-427B-AACA-4FDEE61F3FF0}.Debug|ARM.Deploy.0 = Debug|ARM
		{C243338D-735F-427B-AACA-4FDEE61F3FF0}.Debug|ARM64.ActiveCfg = Debug|ARM64
		{C243338D-735F-427B-AACA-4FDEE61F3FF0}.Debug|ARM64.Build.0 = Debug|ARM64
		{C243338D-735F-427B-AACA-4FDEE61F3FF0}.Debug|ARM64.Deploy.0 = Debug|ARM64
		{C243338D-735F-427B-AACA-4FDEE61F3FF0}.Debug|x64.ActiveCfg = Debug|x64
		{C243338D-735F-427B-AACA-4FDEE61F3FF0}.Debug|x64.Build.0 = Debug|x64
		{C243338D-735F-427B-AACA-4FDEE61F3FF0}.Debug|x64.Deploy.0 = Debug|x64
		{C243338D-735F-427B-AACA-4FDEE61F3FF0}.Debug|x86.ActiveCfg = Debug|x86
		{C243338D-735F-427B-AACA-4FDEE61F3FF0}.Debug|x86.Build.0 = Debug|x86
		{C243338D-735F-427B-AACA-4FDEE61F3FF0}.Debug|x86.Deploy.0 = Debug|x86
		{C243338D-735F-427B-AACA-4FDEE61F3FF0}.Release|ARM.ActiveCfg = Release|ARM
		{C243338D-735F-427B-AACA-4FDEE61F3FF0}.Release|ARM.Build.0 = Release|ARM
		{C243338D-735F-427B-AACA-4FDEE61F3FF0}.Release|ARM.Deploy.0 = Release|ARM
		{C243338D-735F-427B-AACA-4FDEE61F3FF0}.Release|ARM64.ActiveCfg = Release|ARM64
		{C243338D-735F-427B-AACA-4FDEE61F3FF0}.Release|ARM64.Build.0 = Release|ARM64
		{C243338D-735F-427B-AACA-4FDEE61F3FF0}.Release|ARM64.Deploy.0 = Release|ARM64
		{C243338D-735F-427B-AACA-4FDEE61F3FF0}.Release|x64.ActiveCfg = Release|x64
		{C243338D-735F-427B-AACA-4FDEE61F3FF0}.Release|x64.Build.0 = Release|x64
		{C243338D-735F-427B-AACA-4FDEE61F3FF0}.Release|x64.Deploy.0 = Release|x64
		{C243338D-735F-427B-AACA-4FDEE61F3FF0}.Release|x86.ActiveCfg = Release|x86
		{C243338D-735F-427B-AACA-4FDEE61F3FF0}.Release|x86.Build.0 = Release|x86
		{C243338D-735F-427B-AACA-4FDEE61F3FF0}.Release|x86.Deploy.0 = Release|x86
		{20781841-DD8D-42F8-814D-DED93E4D5952}.Debug|ARM.ActiveCfg = Debug|ARM
		{20781841-DD8D-42F8-814D-DED93E4D5952}.Debug|ARM.Build.0 = Debug|ARM
		{20781841-DD8D-42F8-814D-DED93E4D5952}.Debug|ARM.Deploy.0 = Debug|ARM
		{20781841-DD8D-42F8-814D-DED93E4D5952}.Debug|ARM64.ActiveCfg = Debug|ARM64
		{20781841-DD8D-42F8-814D-DED93E4D5952}.Debug|ARM64.Build.0 = Debug|ARM64
		{20781841-DD8D-42F8-814D-DED93E4D5952}.Debug|ARM64.Deploy.0 = Debug|ARM64
		{20781841-DD8D-42F8-814D-DED93E4D5952}.Debug|x64.ActiveCfg = Debug|x64
		{20781841-DD8D-42F8-814D-DED93E4D5952}.Debug|x64.Build.0 = Debug|x64
		{20781841-DD8D-42F8-814D-DED93E4D5952}.Debug|x64.Deploy.0 = Debug|x64
		{20781841-DD8D-42F8-814D-DED93E4D5952}.Debug|x86.ActiveCfg = Debug|x86
		{20781841-DD8D-42F8-814D-DED93E4D5952}.Debug|x86.Build.0 = Debug|x86
		{20781841-DD8D-42F8-814D-DED93E4D5952}.Debug|x86.Deploy.0 = Debug|x86
		{20781841-DD8D-42F8-814D-DED93E4D5952}.Release|ARM.ActiveCfg = Release|ARM
		{20781841-DD8D-42F8-814D-DED93E4D5952}.Release|ARM.Build.0 = Release|ARM
		{20781841-DD8D-42F8-814D-DED93E4D5952}.Release|ARM.Deploy.0 = Release|ARM
		{20781841-DD8D-42F8-814D-DED93E4D5952}.Release|ARM64.ActiveCfg = Release|ARM64
		{20781841-DD8D-42F8-814D-DED93E4D5952}.Release|ARM64.Build.0 = Release|ARM64
		{20781841-DD8D-42F8-814D-DED93E4D5952}.Release|ARM64.Deploy.0 = Release|ARM64
		{20781841-DD8D-42F8-814D-DED93E4D5952}.Release|x64.ActiveCfg = Release|x64
		{20781841-DD8D-42F8-814D-DED93E4D5952}.Release|x64.Build.0 = Release|x64
		{20781841-DD8D-42F8-814D-DED93E4D5952}.Release|x64.Deploy.0 = Release|x64
		{20781841-DD8D-42F8-814D-DED93E4D5952}.Release|x86.ActiveCfg = Release|x86
		{20781841-DD8D-42F8-814D-DED93E4D5952}.Release|x86.Build.0 = Release|x86
		{20781841-DD8D-42F8-814D-DED93E4D5952}.Release|x86.Deploy.0 = Release|x86
		{2AFBCBAF-BEA1-46AE-ACD0-21AE641B217D}.Debug|ARM.ActiveCfg = Debug|ARM
		{2AFBCBAF-BEA1-46AE-ACD0-21AE641B217D}.Debug|ARM.Build.0 = Debug|ARM
		{2AFBCBAF-BEA1-46AE-ACD0-21AE641B217D}.Debug|ARM.Deploy.0 = Debug|ARM
		{2AFBCBAF-BEA1-46AE-ACD0-21AE641B217D}.Debug|ARM64.ActiveCfg = Debug|ARM64
		{2AFBCBAF-BEA1-46AE-ACD0-21AE641B217D}.Debug|ARM64.Build.0 = Debug|ARM64
		{2AFBCBAF-BEA1-46AE-ACD0-21AE641B217D}.Debug|ARM64.Deploy.0 = Debug|ARM64
		{2AFBCBAF-BEA1-46AE-ACD0-21AE641B217D}.Debug|x64.ActiveCfg = Debug|x64
		{2AFBCBAF-BEA1-46AE-ACD0-21AE641B217D}.Debug|x64.Build.0 = Debug|x64
		{2AFBCBAF-BEA1-46AE-ACD0-21AE641B217D}.Debug|x64.Deploy.0 = Debug|x64
		{2AFBCBAF-BEA1-46AE-ACD0-21AE641B217D}.Debug|x86.ActiveCfg = Debug|x86
		{2AFBCBAF-BEA1-46AE-ACD0-21AE641B217D}.Debug|x86.Build.0 = Debug|x86
		{2AFBCBAF-BEA1-46AE-ACD0-21AE641B217D}.Debug|x86.Deploy.0 = Debug|x86
		{2AFBCBAF-BEA1-46AE-ACD0-21AE641B217D}.Release|ARM.ActiveCfg = Release|ARM
		{2AFBCBAF-BEA1-46AE-ACD0-21AE641B217D}.Release|ARM.Build.0 = Release|ARM
		{2AFBCBAF-BEA1-46AE-ACD0-21AE641B217D}.Release|ARM.Deploy.0 = Release|ARM
		{2AFBCBAF-BEA1-46AE-ACD0-21AE641B217D}.Release|ARM64.ActiveCfg = Release|ARM64
		{2AFBCBAF-BEA1-46AE-ACD0-21AE641B217D}.Release|ARM64.Build.0 = Release|ARM64
		{2AFBCBAF-BEA1-46AE-ACD0-21AE641B217D}.Release|ARM64.Deploy.0 = Release|ARM64
		{2AFBCBAF-BEA1-46AE-ACD0-21AE641B217D}.Release|x64.ActiveCfg = Release|x64
		{2AFBCBAF-BEA1-46AE-ACD0-21AE641B217D}.Release|x64.Build.0 = Release|x64
		{2AFBCBAF-BEA1-46AE-ACD0-21AE641B217D}.Release|x64.Deploy.0 = Release|x64
		{2AFBCBAF-BEA1-46AE-ACD0-21AE641B217D}.Release|x86.ActiveCfg = Release|x86
		{2AFBCBAF-BEA1-46AE-ACD0-21AE641B217D}.Release|x86.Build.0 = Release|x86
		{2AFBCBAF-BEA1-46AE-ACD0-21AE641B217D}.Release|x86.Deploy.0 = Release|x86
		{DA766644-4BE1-4395-9A1B-3787EC8EB3E6}.Debug|ARM.ActiveCfg = Debug|ARM
		{DA766644-4BE1-4395-9A1B-3787EC8EB3E6}.Debug|ARM.Build.0 = Debug|ARM
		{DA766644-4BE1-4395-9A1B-3787EC8EB3E6}.Debug|ARM.Deploy.0 = Debug|ARM
		{DA766644-4BE1-4395-9A1B-3787EC8EB3E6}.Debug|ARM64.ActiveCfg = Debug|ARM64
		{DA766644-4BE1-4395-9A1B-3787EC8EB3E6}.Debug|ARM64.Build.0 = Debug|ARM64
		{DA766644-4BE1-4395-9A1B-3787EC8EB3E6}.Debug|ARM64.Deploy.0 = Debug|ARM64
		{DA766644-4BE1-4395-9A1B-3787EC8EB3E6}.Debug|x64.ActiveCfg = Debug|x64
		{DA766644-4BE1-4395-9A1B-3787EC8EB3E6}.Debug|x64.Build.0 = Debug|x64
		{DA766644-4BE1-4395-9A1B-3787EC8EB3E6}.Debug|x64.Deploy.0 = Debug|x64
		{DA766644-4BE1-4395-9A1B-3787EC8EB3E6}.Debug|x86.ActiveCfg = Debug|x86
		{DA766644-4BE1-4395-9A1B-3787EC8EB3E6}.Debug|x86.Build.0 = Debug|x86
		{DA766644-4BE1-4395-9A1B-3787EC8EB3E6}.Debug|x86.Deploy.0 = Debug|x86
		{DA766644-4BE1-4395-9A1B-3787EC8EB3E6}.Release|ARM.ActiveCfg = Release|ARM
		{DA766644-4BE1-4395-9A1B-3787EC8EB3E6}.Release|ARM.Build.0 = Release|ARM
		{DA766644-4BE1-4395-9A1B-3787EC8EB3E6}.Release|ARM.Deploy.0 = Release|ARM
		{DA766644-4BE1-4395-9A1B-3787EC8EB3E6}.Release|ARM64.ActiveCfg = Release|ARM64
		{DA766644-4BE1-4395-9A1B-3787EC8EB3E6}.Release|ARM64.Build.0 = Release|ARM64
		{DA766644-4BE1-4395-9A1B-3787EC8EB3E6}.Release|ARM64.Deploy.0 = Release|ARM64
		{DA766644-4BE1-4395-9A1B-3787EC8EB3E6}.Release|x64.ActiveCfg = Release|x64
		{DA766644-4BE1-4395-9A1B-3787EC8EB3E6}.Release|x64.Build.0 = Release|x64
		{DA766644-4BE1-4395-9A1B-3787EC8EB3E6}.Release|x64.Deploy.0 = Release|x64
		{DA766644-4BE1-4395-9A1B-3787EC8EB3E6}.Release|x86.ActiveCfg = Release|x86
		{DA766644-4BE1-4395-9A1B-3787EC8EB3E6}.Release|x86.Build.0 = Release|x86
		{DA766644-4BE1-4395-9A1B-3787EC8EB3E6}.Release|x86.Deploy.0 = Release|x86
		{835A2C09-D34B-43B9-8895-2DDCAB5F59B3}.Debug|ARM.ActiveCfg = Debug|ARM
		{835A2C09-D34B-43B9-8895-2DDCAB5F59B3}.Debug|ARM.Build.0 = Debug|ARM
		{835A2C09-D34B-43B9-8895-2DDCAB5F59B3}.Debug|ARM.Deploy.0 = Debug|ARM
		{835A2C09-D34B-43B9-8895-2DDCAB5F59B3}.Debug|ARM64.ActiveCfg = Debug|ARM64
		{835A2C09-D34B-43B9-8895-2DDCAB5F59B3}.Debug|ARM64.Build.0 = Debug|ARM64
		{835A2C09-D34B-43B9-8895-2DDCAB5F59B3}.Debug|ARM64.Deploy.0 = Debug|ARM64
		{835A2C09-D34B-43B9-8895-2DDCAB5F59B3}.Debug|x64.ActiveCfg = Debug|x64
		{835A2C09-D34B-43B9-8895-2DDCAB5F59B3}.Debug|x64.Build.0 = Debug|x64
		{835A2C09-D34B-43B9-8895-2DDCAB5F59B3}.Debug|x64.Deploy.0 = Debug|x64
		{835A2C09-D34B-43B9-8895-2DDCAB5F59B3}.Debug|x86.ActiveCfg = Debug|x86
		{835A2C09-D34B-43B9-8895-2DDCAB5F59B3}.Debug|x86.Build.0 = Debug|x86
		{835A2C09-D34B-43B9-8895-2DDCAB5F59B3}.Debug|x86.Deploy.0 = Debug|x86
		{835A2C09-D34B-43B9-8895-2DDCAB5F59B3}.Release|ARM.ActiveCfg = Release|ARM
		{835A2C09-D34B-43B9-8895-2DDCAB5F59B3}.Release|ARM.Build.0 = Release|ARM
		{835A2C09-D34B-43B9-8895-2DDCAB5F59B3}.Release|ARM.Deploy.0 = Release|ARM
		{835A2C09-D34B-43B9-8895-2DDCAB5F59B3}.Release|ARM64.ActiveCfg = Release|ARM64
		{835A2C09-D34B-43B9-8895-2DDCAB5F59B3}.Release|ARM64.Build.0 = Release|ARM64
		{835A2C09-D34B-43B9-8895-2DDCAB5F59B3}.Release|ARM64.Deploy.0 = Release|ARM64
		{835A2C09-D34B-43B9-8895-2DDCAB5F59B3}.Release|x64.ActiveCfg = Release|x64
		{835A2C09-D34B-43B9-8895-2DDCAB5F59B3}.Release|x64.Build.0 = Release|x64
		{835A2C09-D34B-43B9-8895-2DDCAB5F59B3}.Release|x64.Deploy.0 = Release|x64
		{835A2C09-D34B-43B9-8895-2DDCAB5F59B3}.Release|x86.ActiveCfg = Release|x86
		{835A2C09-D34B-43B9-8895-2DDCAB5F59B3}.Release|x86.Build.0 = Release|x86
		{835A2C09-D34B-43B9-8895-2DDCAB5F59B3}.Release|x86.Deploy.0 = Release|x86
		{17F1126D-552E-4CE9-8CF3-FE13DC763BA0}.Debug|ARM.ActiveCfg = Debug|ARM
		{17F1126D-552E-4CE9-8CF3-FE13DC763BA0}.Debug|ARM.Build.0 = Debug|ARM
		{17F1126D-552E-4CE9-8CF3-FE13DC763BA0}.Debug|ARM.Deploy.0 = Debug|ARM
		{17F1126D-552E-4CE9-8CF3-FE13DC763BA0}.Debug|ARM64.ActiveCfg = Debug|ARM64
		{17F1126D-552E-4CE9-8CF3-FE13DC763BA0}.Debug|ARM64.Build.0 = Debug|ARM64
		{17F1126D-552E-4CE9-8CF3-FE13DC763BA0}.Debug|ARM64.Deploy.0 = Debug|ARM64
		{17F1126D-552E-4CE9-8CF3-FE13DC763BA0}.Debug|x64.ActiveCfg = Debug|x64
		{17F1126D-552E-4CE9-8CF3-FE13DC763BA0}.Debug|x64.Build.0 = Debug|x64
		{17F1126D-552E-4CE9-8CF3-FE13DC763BA0}.Debug|x64.Deploy.0 = Debug|x64
		{17F1126D-552E-4CE9-8CF3-FE13DC763BA0}.Debug|x86.ActiveCfg = Debug|x86
		{17F1126D-552E-4CE9-8CF3-FE13DC763BA0}.Debug|x86.Build.0 = Debug|x86
		{17F1126D-552E-4CE9-8CF3-FE13DC763BA0}.Debug|x86.Deploy.0 = Debug|x86
		{17F1126D-552E-4CE9-8CF3-FE13DC763BA0}.Release|ARM.ActiveCfg = Release|ARM
		{17F1126D-552E-4CE9-8CF3-FE13DC763BA0}.Release|ARM.Build.0 = Release|ARM
		{17F1126D-552E-4CE9-8CF3-FE13DC763BA0}.Release|ARM.Deploy.0 = Release|ARM
		{17F1126D-552E-4CE9-8CF3-FE13DC763BA0}.Release|ARM64.ActiveCfg = Release|ARM64
		{17F1126D-552E-4CE9-8CF3-FE13DC763BA0}.Release|ARM64.Build.0 = Release|ARM64
		{17F1126D-552E-4CE9-8CF3-FE13DC763BA0}.Release|ARM64.Deploy.0 = Release|ARM64
		{17F1126D-552E-4CE9-8CF3-FE13DC763BA0}.Release|x64.ActiveCfg = Release|x64
		{17F1126D-552E-4CE9-8CF3-FE13DC763BA0}.Release|x64.Build.0 = Release|x64
		{17F1126D-552E-4CE9-8CF3-FE13DC763BA0}.Release|x64.Deploy.0 = Release|x64
		{17F1126D-552E-4CE9-8CF3-FE13DC763BA0}.Release|x86.ActiveCfg = Release|x86
		{17F1126D-552E-4CE9-8CF3-FE13DC763BA0}.Release|x86.Build.0 = Release|x86
		{17F1126D-552E-4CE9-8CF3-FE13DC763BA0}.Release|x86.Deploy.0 = Release|x86
		{38F73BB3-458C-4C7E-AE84-5FEEAE2460D3}.Debug|ARM.ActiveCfg = Debug|ARM
		{38F73BB3-458C-4C7E-AE84-5FEEAE2460D3}.Debug|ARM.Build.0 = Debug|ARM
		{38F73BB3-458C-4C7E-AE84-5FEEAE2460D3}.Debug|ARM.Deploy.0 = Debug|ARM
		{38F73BB3-458C-4C7E-AE84-5FEEAE2460D3}.Debug|ARM64.ActiveCfg = Debug|ARM64
		{38F73BB3-458C-4C7E-AE84-5FEEAE2460D3}.Debug|ARM64.Build.0 = Debug|ARM64
		{38F73BB3-458C-4C7E-AE84-5FEEAE2460D3}.Debug|ARM64.Deploy.0 = Debug|ARM64
		{38F73BB3-458C-4C7E-AE84-5FEEAE2460D3}.Debug|x64.ActiveCfg = Debug|x64
		{38F73BB3-458C-4C7E-AE84-5FEEAE2460D3}.Debug|x64.Build.0 = Debug|x64
		{38F73BB3-458C-4C7E-AE84-5FEEAE2460D3}.Debug|x64.Deploy.0 = Debug|x64
		{38F73BB3-458C-4C7E-AE84-5FEEAE2460D3}.Debug|x86.ActiveCfg = Debug|x86
		{38F73BB3-458C-4C7E-AE84-5FEEAE2460D3}.Debug|x86.Build.0 = Debug|x86
		{38F73BB3-458C-4C7E-AE84-5FEEAE2460D3}.Debug|x86.Deploy.0 = Debug|x86
		{38F73BB3-458C-4C7E-AE84-5FEEAE2460D3}.Release|ARM.ActiveCfg = Release|ARM
		{38F73BB3-458C-4C7E-AE84-5FEEAE2460D3}.Release|ARM.Build.0 = Release|ARM
		{38F73BB3-458C-4C7E-AE84-5FEEAE2460D3}.Release|ARM.Deploy.0 = Release|ARM
		{38F73BB3-458C-4C7E-AE84-5FEEAE2460D3}.Release|ARM64.ActiveCfg = Release|ARM64
		{38F73BB3-458C-4C7E-AE84-5FEEAE2460D3}.Release|ARM64.Build.0 = Release|ARM64
		{38F73BB3-458C-4C7E-AE84-5FEEAE2460D3}.Release|ARM64.Deploy.0 = Release|ARM64
		{38F73BB3-458C-4C7E-AE84-5FEEAE2460D3}.Release|x64.ActiveCfg = Release|x64
		{38F73BB3-458C-4C7E-AE84-5FEEAE2460D3}.Release|x64.Build.0 = Release|x64
		{38F73BB3-458C-4C7E-AE84-5FEEAE2460D3}.Release|x64.Deploy.0 = Release|x64
		{38F73BB3-458C-4C7E-AE84-5FEEAE2460D3}.Release|x86.ActiveCfg = Release|x86
		{38F73BB3-458C-4C7E-AE84-5FEEAE2460D3}.Release|x86.Build.0 = Release|x86
		{38F73BB3-458C-4C7E-AE84-5FEEAE2460D3}.Release|x86.Deploy.0 = Release|x86
		{D28ED1C3-AC2B-4F0D-A5B8-B5A1BD5F8C33}.Debug|ARM.ActiveCfg = Debug|ARM
		{D28ED1C3-AC2B-4F0D-A5B8-B5A1BD5F8C33}.Debug|ARM.Build.0 = Debug|ARM
		{D28ED1C3-AC2B-4F0D-A5B8-B5A1BD5F8C33}.Debug|ARM.Deploy.0 = Debug|ARM
		{D28ED1C3-AC2B-4F0D-A5B8-B5A1BD5F8C33}.Debug|ARM64.ActiveCfg = Debug|ARM64
		{D28ED1C3-AC2B-4F0D-A5B8-B5A1BD5F8C33}.Debug|ARM64.Build.0 = Debug|ARM64
		{D28ED1C3-AC2B-4F0D-A5B8-B5A1BD5F8C33}.Debug|ARM64.Deploy.0 = Debug|ARM64
		{D28ED1C3-AC2B-4F0D-A5B8-B5A1BD5F8C33}.Debug|x64.ActiveCfg = Debug|x64
		{D28ED1C3-AC2B-4F0D-A5B8-B5A1BD5F8C33}.Debug|x64.Build.0 = Debug|x64
		{D28ED1C3-AC2B-4F0D-A5B8-B5A1BD5F8C33}.Debug|x64.Deploy.0 = Debug|x64
		{D28ED1C3-AC2B-4F0D-A5B8-B5A1BD5F8C33}.Debug|x86.ActiveCfg = Debug|x86
		{D28ED1C3-AC2B-4F0D-A5B8-B5A1BD5F8C33}.Debug|x86.Build.0 = Debug|x86
		{D28ED1C3-AC2B-4F0D-A5B8-B5A1BD5F8C33}.Debug|x86.Deploy.0 = Debug|x86
		{D28ED1C3-AC2B-4F0D-A5B8-B5A1BD5F8C33}.Release|ARM.ActiveCfg = Release|ARM
		{D28ED1C3-AC2B-4F0D-A5B8-B5A1BD5F8C33}.Release|ARM.Build.0 = Release|ARM
		{D28ED1C3-AC2B-4F0D-A5B8-B5A1BD5F8C33}.Release|ARM.Deploy.0 = Release|ARM
		{D28ED1C3-AC2B-4F0D-A5B8-B5A1BD5F8C33}.Release|ARM64.ActiveCfg = Release|ARM64
		{D28ED1C3-AC2B-4F0D-A5B8-B5A1BD5F8C33}.Release|ARM64.Build.0 = Release|ARM64
		{D28ED1C3-AC2B-4F0D-A5B8-B5A1BD5F8C33}.Release|ARM64.Deploy.0 = Release|ARM64
		{D28ED1C3-AC2B-4F0D-A5B8-B5A1BD5F8C33}.Release|x64.ActiveCfg = Release|x64
		{D28ED1C3-AC2B-4F0D-A5B8-B5A1BD5F8C33}.Release|x64.Build.0 = Release|x64
		{D28ED1C3-AC2B-4F0D-A5B8-B5A1BD5F8C33}.Release|x64.Deploy.0 = Release|x64
		{D28ED1C3-AC2B-4F0D-A5B8-B5A1BD5F8C33}.Release|x86.ActiveCfg = Release|x86
		{D28ED1C3-AC2B-4F0D-A5B8-B5A1BD5F8C33}.Release|x86.Build.0 = Release|x86
		{D28ED1C3-AC2B-4F0D-A5B8-B5A1BD5F8C33}.Release|x86.Deploy.0 = Release|x86
		{165F39ED-FEB2-48B4-A48A-0BCD96BACC7E}.Debug|ARM.ActiveCfg = Debug|ARM
		{165F39ED-FEB2-48B4-A48A-0BCD96BACC7E}.Debug|ARM.Build.0 = Debug|ARM
		{165F39ED-FEB2-48B4-A48A-0BCD96BACC7E}.Debug|ARM.Deploy.0 = Debug|ARM
		{165F39ED-FEB2-48B4-A48A-0BCD96BACC7E}.Debug|ARM64.ActiveCfg = Debug|ARM64
		{165F39ED-FEB2-48B4-A48A-0BCD96BACC7E}.Debug|ARM64.Build.0 = Debug|ARM64
		{165F39ED-FEB2-48B4-A48A-0BCD96BACC7E}.Debug|ARM64.Deploy.0 = Debug|ARM64
		{165F39ED-FEB2-48B4-A48A-0BCD96BACC7E}.Debug|x64.ActiveCfg = Debug|x64
		{165F39ED-FEB2-48B4-A48A-0BCD96BACC7E}.Debug|x64.Build.0 = Debug|x64
		{165F39ED-FEB2-48B4-A48A-0BCD96BACC7E}.Debug|x64.Deploy.0 = Debug|x64
		{165F39ED-FEB2-48B4-A48A-0BCD96BACC7E}.Debug|x86.ActiveCfg = Debug|x86
		{165F39ED-FEB2-48B4-A48A-0BCD96BACC7E}.Debug|x86.Build.0 = Debug|x86
		{165F39ED-FEB2-48B4-A48A-0BCD96BACC7E}.Debug|x86.Deploy.0 = Debug|x86
		{165F39ED-FEB2-48B4-A48A-0BCD96BACC7E}.Release|ARM.ActiveCfg = Release|ARM
		{165F39ED-FEB2-48B4-A48A-0BCD96BACC7E}.Release|ARM.Build.0 = Release|ARM
		{165F39ED-FEB2-48B4-A48A-0BCD96BACC7E}.Release|ARM.Deploy.0 = Release|ARM
		{165F39ED-FEB2-48B4-A48A-0BCD96BACC7E}.Release|ARM64.ActiveCfg = Release|ARM64
		{165F39ED-FEB2-48B4-A48A-0BCD96BACC7E}.Release|ARM64.Build.0 = Release|ARM64
		{165F39ED-FEB2-48B4-A48A-0BCD96BACC7E}.Release|ARM64.Deploy.0 = Release|ARM64
		{165F39ED-FEB2-48B4-A48A-0BCD96BACC7E}.Release|x64.ActiveCfg = Release|x64
		{165F39ED-FEB2-48B4-A48A-0BCD96BACC7E}.Release|x64.Build.0 = Release|x64
		{165F39ED-FEB2-48B4-A48A-0BCD96BACC7E}.Release|x64.Deploy.0 = Release|x64
		{165F39ED-FEB2-48B4-A48A-0BCD96BACC7E}.Release|x86.ActiveCfg = Release|x86
		{165F39ED-FEB2-48B4-A48A-0BCD96BACC7E}.Release|x86.Build.0 = Release|x86
		{165F39ED-FEB2-48B4-A48A-0BCD96BACC7E}.Release|x86.Deploy.0 = Release|x86
	EndGlobalSection
	GlobalSection(SolutionProperties) = preSolution
		HideSolutionNode = FALSE
	EndGlobalSection
	GlobalSection(NestedProjects) = preSolution
		{C243338D-735F-427B-AACA-4FDEE61F3FF0} = {CC789673-8B59-4389-B418-B3280EE932CA}
		{20781841-DD8D-42F8-814D-DED93E4D5952} = {C584744D-DCFA-4526-AA72-A092BD40AE55}
		{2AFBCBAF-BEA1-46AE-ACD0-21AE641B217D} = {C584744D-DCFA-4526-AA72-A092BD40AE55}
		{DA766644-4BE1-4395-9A1B-3787EC8EB3E6} = {C584744D-DCFA-4526-AA72-A092BD40AE55}
		{835A2C09-D34B-43B9-8895-2DDCAB5F59B3} = {04E81928-D921-47A9-8EA5-8A2A4101E4AB}
		{17F1126D-552E-4CE9-8CF3-FE13DC763BA0} = {C584744D-DCFA-4526-AA72-A092BD40AE55}
		{38F73BB3-458C-4C7E-AE84-5FEEAE2460D3} = {C584744D-DCFA-4526-AA72-A092BD40AE55}
		{D28ED1C3-AC2B-4F0D-A5B8-B5A1BD5F8C33} = {04E81928-D921-47A9-8EA5-8A2A4101E4AB}
		{165F39ED-FEB2-48B4-A48A-0BCD96BACC7E} = {04E81928-D921-47A9-8EA5-8A2A4101E4AB}
	EndGlobalSection
	GlobalSection(ExtensibilityGlobals) = postSolution
		SolutionGuid = {63862839-EFF0-4315-92CA-669E464B2D8D}
	EndGlobalSection
EndGlobal
