<?xml version="1.0" encoding="utf-8"?>
<Project ToolsVersion="4.0" xmlns="http://schemas.microsoft.com/developer/msbuild/2003">
  <ItemGroup>
    <Filter Include="common">
      <UniqueIdentifier>{b73e95fe-1de2-47f1-8887-f7ebb2de809a}</UniqueIdentifier>
    </Filter>
    <Filter Include="server">
      <UniqueIdentifier>{5805d24c-61cc-4ef5-9111-4859b957ac1e}</UniqueIdentifier>
    </Filter>
    <Filter Include="server\app">
      <UniqueIdentifier>{f1ec9d5f-9285-45d0-9712-e48afc9a0ef2}</UniqueIdentifier>
    </Filter>
    <Filter Include="ecs">
      <UniqueIdentifier>{89f49c38-ab76-4508-99b4-677686947bb0}</UniqueIdentifier>
    </Filter>
    <Filter Include="ecs\system">
      <UniqueIdentifier>{fd7b48f8-bbbb-4c68-9acc-1e0f97cb37ef}</UniqueIdentifier>
    </Filter>
    <Filter Include="ecs\system\message">
      <UniqueIdentifier>{da9de790-b433-4af2-99b8-9c290edf9883}</UniqueIdentifier>
    </Filter>
    <Filter Include="ecs\system\entity">
      <UniqueIdentifier>{d00689dd-3601-4dae-a275-306173130005}</UniqueIdentifier>
    </Filter>
    <Filter Include="ecs\factory">
      <UniqueIdentifier>{b31a0e0d-184e-480e-8488-78667fa51997}</UniqueIdentifier>
    </Filter>
    <Filter Include="entity">
      <UniqueIdentifier>{e571ad0a-6d86-4a08-98d6-f706f658652d}</UniqueIdentifier>
    </Filter>
    <Filter Include="entity\create">
      <UniqueIdentifier>{460f30da-f993-4135-8eb7-76d510aa405a}</UniqueIdentifier>
    </Filter>
    <Filter Include="entity\network">
      <UniqueIdentifier>{bd64036d-2302-4d49-9d66-9608ee1ca37f}</UniqueIdentifier>
    </Filter>
    <Filter Include="entity\network\connect">
      <UniqueIdentifier>{1c79847d-0a2d-4b70-bde0-e7f600b64424}</UniqueIdentifier>
    </Filter>
    <Filter Include="entity\network\buffer">
      <UniqueIdentifier>{e4b1599d-3ecc-4183-aebd-a49d291935b0}</UniqueIdentifier>
    </Filter>
    <Filter Include="entity\network\locator">
      <UniqueIdentifier>{e35d9f62-9d6d-4182-a29a-b139cfd81c35}</UniqueIdentifier>
    </Filter>
    <Filter Include="thread">
      <UniqueIdentifier>{3b313fee-db93-4303-8357-899db39480ec}</UniqueIdentifier>
    </Filter>
    <Filter Include="common\res_path">
      <UniqueIdentifier>{b1d9c6da-d589-4463-adba-ab68c941cdb2}</UniqueIdentifier>
    </Filter>
    <Filter Include="common\yaml">
      <UniqueIdentifier>{885f3c8d-6f86-4416-9ec9-0e0eb18d3154}</UniqueIdentifier>
    </Filter>
    <Filter Include="common\base">
      <UniqueIdentifier>{c46efa58-dae2-456b-a8b9-9e8958d8b1f9}</UniqueIdentifier>
    </Filter>
    <Filter Include="common\log4">
      <UniqueIdentifier>{8d1cfdeb-20f6-4857-b459-52f3cb755c76}</UniqueIdentifier>
    </Filter>
    <Filter Include="common\global">
      <UniqueIdentifier>{31adcf81-fe79-4efd-a75f-3b0f35253d0a}</UniqueIdentifier>
    </Filter>
    <Filter Include="entity\console">
      <UniqueIdentifier>{a1e7d06a-6387-4a76-9ec2-e309204bd190}</UniqueIdentifier>
    </Filter>
    <Filter Include="ecs\cache">
      <UniqueIdentifier>{03bf9123-1933-4915-858a-bf37dc94c985}</UniqueIdentifier>
    </Filter>
    <Filter Include="server\robots">
      <UniqueIdentifier>{fe445d50-9ba0-4dd0-817a-59c3a051bf90}</UniqueIdentifier>
    </Filter>
    <Filter Include="ecs\system\message\protobuf">
      <UniqueIdentifier>{1f8ee53b-c58f-4c4b-9ab7-634a679c9654}</UniqueIdentifier>
    </Filter>
    <Filter Include="ecs\system\update">
      <UniqueIdentifier>{ece1d890-b39e-4849-a1bf-62ae198adfe8}</UniqueIdentifier>
    </Filter>
    <Filter Include="thread\collector">
      <UniqueIdentifier>{746216e4-bfea-4d56-b7be-a0b7288dbd39}</UniqueIdentifier>
    </Filter>
    <Filter Include="entity\console\thread">
      <UniqueIdentifier>{64ad8754-b1b7-4494-9d43-b15a155b05b2}</UniqueIdentifier>
    </Filter>
    <Filter Include="entity\pool">
      <UniqueIdentifier>{8b674497-f067-4f79-b749-8e8f5cbe0ed3}</UniqueIdentifier>
    </Filter>
    <Filter Include="ecs\timer">
      <UniqueIdentifier>{8e3edbce-6172-49c3-9064-64e17d100e84}</UniqueIdentifier>
    </Filter>
    <Filter Include="entity\network\mongoose">
      <UniqueIdentifier>{cd66ee27-e1f9-4324-b26b-ebfdf37391ab}</UniqueIdentifier>
    </Filter>
    <Filter Include="entity\network\identify">
      <UniqueIdentifier>{41e3b516-1e42-4121-a664-80af7f3760ff}</UniqueIdentifier>
    </Filter>
    <Filter Include="entity\console\trace">
      <UniqueIdentifier>{59a9bf78-54d4-4374-a561-04bda7b5997b}</UniqueIdentifier>
    </Filter>
    <Filter Include="entity\redis">
      <UniqueIdentifier>{c33e1033-3e28-4769-80b2-b7018f0d2edd}</UniqueIdentifier>
    </Filter>
    <Filter Include="common\math">
      <UniqueIdentifier>{33a53518-c96e-4774-960a-eb571898caff}</UniqueIdentifier>
    </Filter>
    <Filter Include="entity\console\efficiency">
      <UniqueIdentifier>{a6796913-cfcb-4f4b-94f4-44a81476844f}</UniqueIdentifier>
    </Filter>
  </ItemGroup>
  <ItemGroup>
    <ClInclude Include="packet.h">
      <Filter>entity\network\buffer</Filter>
    </ClInclude>
    <ClInclude Include="network_buffer.h">
      <Filter>entity\network\buffer</Filter>
    </ClInclude>
    <ClInclude Include="base_buffer.h">
      <Filter>entity\network\buffer</Filter>
    </ClInclude>
    <ClInclude Include="network_listen.h">
      <Filter>entity\network</Filter>
    </ClInclude>
    <ClInclude Include="network_connector.h">
      <Filter>entity\network</Filter>
    </ClInclude>
    <ClInclude Include="network.h">
      <Filter>entity\network</Filter>
    </ClInclude>
    <ClInclude Include="connect_obj.h">
      <Filter>entity\network\connect</Filter>
    </ClInclude>
    <ClInclude Include="server_app.h">
      <Filter>server\app</Filter>
    </ClInclude>
    <ClInclude Include="robot_state_type.h">
      <Filter>server\robots</Filter>
    </ClInclude>
    <ClInclude Include="console.h">
      <Filter>entity\console</Filter>
    </ClInclude>
    <ClInclude Include="cache_swap.h">
      <Filter>ecs\cache</Filter>
    </ClInclude>
    <ClInclude Include="cache_refresh.h">
      <Filter>ecs\cache</Filter>
    </ClInclude>
    <ClInclude Include="object_pool.h">
      <Filter>entity\pool</Filter>
    </ClInclude>
    <ClInclude Include="object_pool_interface.h">
      <Filter>entity\pool</Filter>
    </ClInclude>
    <ClInclude Include="component.h">
      <Filter>ecs\system\entity</Filter>
    </ClInclude>
    <ClInclude Include="entity.h">
      <Filter>ecs\system\entity</Filter>
    </ClInclude>
    <ClInclude Include="entity_system.h">
      <Filter>ecs\system\entity</Filter>
    </ClInclude>
    <ClInclude Include="component_factory.h">
      <Filter>ecs\factory</Filter>
    </ClInclude>
    <ClInclude Include="regist_to_factory.h">
      <Filter>ecs\factory</Filter>
    </ClInclude>
    <ClInclude Include="create_component.h">
      <Filter>entity\create</Filter>
    </ClInclude>
    <ClInclude Include="network_locator.h">
      <Filter>entity\network\locator</Filter>
    </ClInclude>
    <ClInclude Include="thread.h">
      <Filter>thread</Filter>
    </ClInclude>
    <ClInclude Include="thread_mgr.h">
      <Filter>thread</Filter>
    </ClInclude>
    <ClInclude Include="yaml.h">
      <Filter>common\yaml</Filter>
    </ClInclude>
    <ClInclude Include="res_path.h">
      <Filter>common\res_path</Filter>
    </ClInclude>
    <ClInclude Include="common.h">
      <Filter>common\base</Filter>
    </ClInclude>
    <ClInclude Include="log4.h">
      <Filter>common\log4</Filter>
    </ClInclude>
    <ClInclude Include="log4_help.h">
      <Filter>common\log4</Filter>
    </ClInclude>
    <ClInclude Include="global.h">
      <Filter>common\global</Filter>
    </ClInclude>
    <ClInclude Include="sn_object.h">
      <Filter>common\base</Filter>
    </ClInclude>
    <ClInclude Include="singleton.h">
      <Filter>common\base</Filter>
    </ClInclude>
    <ClInclude Include="system_manager.h">
      <Filter>ecs\system</Filter>
    </ClInclude>
    <ClInclude Include="message_system.h">
      <Filter>ecs\system\message</Filter>
    </ClInclude>
    <ClInclude Include="message_system_help.h">
      <Filter>ecs\system\message</Filter>
    </ClInclude>
    <ClInclude Include="update_component.h">
      <Filter>ecs\system\update</Filter>
    </ClInclude>
    <ClInclude Include="update_system.h">
      <Filter>ecs\system\update</Filter>
    </ClInclude>
    <ClInclude Include="component_collections.h">
      <Filter>ecs\system\entity</Filter>
    </ClInclude>
    <ClInclude Include="thread_type.h">
      <Filter>thread\collector</Filter>
    </ClInclude>
    <ClInclude Include="thread_collector.h">
      <Filter>thread\collector</Filter>
    </ClInclude>
    <ClInclude Include="thread_collector_exclusive.h">
      <Filter>thread\collector</Filter>
    </ClInclude>
    <ClInclude Include="console_thread_component.h">
      <Filter>entity\console\thread</Filter>
    </ClInclude>
    <ClInclude Include="console_cmd_thread.h">
      <Filter>entity\console\thread</Filter>
    </ClInclude>
    <ClInclude Include="object_pool_collector.h">
      <Filter>entity\pool</Filter>
    </ClInclude>
    <ClInclude Include="object_pool_packet.h">
      <Filter>entity\pool</Filter>
    </ClInclude>
    <ClInclude Include="component_help.h">
      <Filter>ecs\system\entity</Filter>
    </ClInclude>
    <ClInclude Include="timer_component.h">
      <Filter>ecs\timer</Filter>
    </ClInclude>
    <ClInclude Include="sync_component.h">
      <Filter>server\app</Filter>
    </ClInclude>
    <ClInclude Include="socket_object.h">
      <Filter>entity\network\identify</Filter>
    </ClInclude>
    <ClInclude Include="network_type.h">
      <Filter>entity\network</Filter>
    </ClInclude>
    <ClInclude Include="network_help.h">
      <Filter>entity\network</Filter>
    </ClInclude>
    <ClInclude Include="trace_component.h">
      <Filter>entity\console\trace</Filter>
    </ClInclude>
    <ClInclude Include="console_cmd_trace.h">
      <Filter>entity\console\trace</Filter>
    </ClInclude>
    <ClInclude Include="disposable.h">
      <Filter>common\base</Filter>
    </ClInclude>
    <ClInclude Include="message_callback.h">
      <Filter>ecs\system\message</Filter>
    </ClInclude>
    <ClInclude Include="system.h">
      <Filter>ecs\system</Filter>
    </ClInclude>
    <ClInclude Include="util_time.h">
      <Filter>common\base</Filter>
    </ClInclude>
    <ClInclude Include="util_string.h">
      <Filter>common\base</Filter>
    </ClInclude>
    <ClInclude Include="state_template.h">
      <Filter>common\base</Filter>
    </ClInclude>
    <ClInclude Include="app_type.h">
      <Filter>common\base</Filter>
    </ClInclude>
    <ClInclude Include="check_time_component.h">
      <Filter>server\robots</Filter>
    </ClInclude>
    <ClInclude Include="redis_constants.h">
      <Filter>entity\redis</Filter>
    </ClInclude>
    <ClInclude Include="redis_connector.h">
      <Filter>entity\redis</Filter>
    </ClInclude>
    <ClInclude Include="console_cmd_app.h">
      <Filter>entity\console</Filter>
    </ClInclude>
    <ClInclude Include="vector3.h">
      <Filter>common\math</Filter>
    </ClInclude>
    <ClInclude Include="socket_locator.h">
      <Filter>entity\network\locator</Filter>
    </ClInclude>
    <ClInclude Include="console_efficiency_component.h">
      <Filter>entity\console\efficiency</Filter>
    </ClInclude>
    <ClInclude Include="efficiency_thread_component.h">
      <Filter>entity\console\efficiency</Filter>
    </ClInclude>
    <ClInclude Include="console_cmd_efficiency.h">
      <Filter>entity\console\efficiency</Filter>
    </ClInclude>
    <ClInclude Include="mongoose\mongoose.h">
      <Filter>entity\network\mongoose</Filter>
    </ClInclude>
    <ClInclude Include="protobuf\db.pb.h">
      <Filter>ecs\system\message\protobuf</Filter>
    </ClInclude>
    <ClInclude Include="protobuf\msg.pb.h">
      <Filter>ecs\system\message\protobuf</Filter>
    </ClInclude>
    <ClInclude Include="protobuf\proto_id.pb.h">
      <Filter>ecs\system\message\protobuf</Filter>
    </ClInclude>
  </ItemGroup>
  <ItemGroup>
    <ClCompile Include="packet.cpp">
      <Filter>entity\network\buffer</Filter>
    </ClCompile>
    <ClCompile Include="network_buffer.cpp">
      <Filter>entity\network\buffer</Filter>
    </ClCompile>
    <ClCompile Include="base_buffer.cpp">
      <Filter>entity\network\buffer</Filter>
    </ClCompile>
    <ClCompile Include="network_listen.cpp">
      <Filter>entity\network</Filter>
    </ClCompile>
    <ClCompile Include="network_connector.cpp">
      <Filter>entity\network</Filter>
    </ClCompile>
    <ClCompile Include="network.cpp">
      <Filter>entity\network</Filter>
    </ClCompile>
    <ClCompile Include="connect_obj.cpp">
      <Filter>entity\network\connect</Filter>
    </ClCompile>
    <ClCompile Include="server_app.cpp">
      <Filter>server\app</Filter>
    </ClCompile>
    <ClCompile Include="console.cpp">
      <Filter>entity\console</Filter>
    </ClCompile>
    <ClCompile Include="entity_system.cpp">
      <Filter>ecs\system\entity</Filter>
    </ClCompile>
    <ClCompile Include="create_component.cpp">
      <Filter>entity\create</Filter>
    </ClCompile>
    <ClCompile Include="network_locator.cpp">
      <Filter>entity\network\locator</Filter>
    </ClCompile>
    <ClCompile Include="thread.cpp">
      <Filter>thread</Filter>
    </ClCompile>
    <ClCompile Include="thread_mgr.cpp">
      <Filter>thread</Filter>
    </ClCompile>
    <ClCompile Include="yaml.cpp">
      <Filter>common\yaml</Filter>
    </ClCompile>
    <ClCompile Include="res_path.cpp">
      <Filter>common\res_path</Filter>
    </ClCompile>
    <ClCompile Include="log4.cpp">
      <Filter>common\log4</Filter>
    </ClCompile>
    <ClCompile Include="log4_help.cpp">
      <Filter>common\log4</Filter>
    </ClCompile>
    <ClCompile Include="global.cpp">
      <Filter>common\global</Filter>
    </ClCompile>
    <ClCompile Include="sn_object.cpp">
      <Filter>common\base</Filter>
    </ClCompile>
    <ClCompile Include="system_manager.cpp">
      <Filter>ecs\system</Filter>
    </ClCompile>
    <ClCompile Include="message_system.cpp">
      <Filter>ecs\system\message</Filter>
    </ClCompile>
    <ClCompile Include="message_system_help.cpp">
      <Filter>ecs\system\message</Filter>
    </ClCompile>
    <ClCompile Include="update_component.cpp">
      <Filter>ecs\system\update</Filter>
    </ClCompile>
    <ClCompile Include="update_system.cpp">
      <Filter>ecs\system\update</Filter>
    </ClCompile>
    <ClCompile Include="component_collections.cpp">
      <Filter>ecs\system\entity</Filter>
    </ClCompile>
    <ClCompile Include="thread_collector.cpp">
      <Filter>thread\collector</Filter>
    </ClCompile>
    <ClCompile Include="thread_collector_exclusive.cpp">
      <Filter>thread\collector</Filter>
    </ClCompile>
    <ClCompile Include="console_thread_component.cpp">
      <Filter>entity\console\thread</Filter>
    </ClCompile>
    <ClCompile Include="console_cmd_thread.cpp">
      <Filter>entity\console\thread</Filter>
    </ClCompile>
    <ClCompile Include="object_pool_collector.cpp">
      <Filter>entity\pool</Filter>
    </ClCompile>
    <ClCompile Include="object_pool_packet.cpp">
      <Filter>entity\pool</Filter>
    </ClCompile>
    <ClCompile Include="component_help.cpp">
      <Filter>ecs\system\entity</Filter>
    </ClCompile>
    <ClCompile Include="timer_component.cpp">
      <Filter>ecs\timer</Filter>
    </ClCompile>
    <ClCompile Include="sync_component.cpp">
      <Filter>server\app</Filter>
    </ClCompile>
    <ClCompile Include="socket_object.cpp">
      <Filter>entity\network\identify</Filter>
    </ClCompile>
    <ClCompile Include="trace_component.cpp">
      <Filter>entity\console\trace</Filter>
    </ClCompile>
    <ClCompile Include="console_cmd_trace.cpp">
      <Filter>entity\console\trace</Filter>
    </ClCompile>
    <ClCompile Include="message_callback.cpp">
      <Filter>ecs\system\message</Filter>
    </ClCompile>
    <ClCompile Include="component.cpp">
      <Filter>ecs\system\entity</Filter>
    </ClCompile>
    <ClCompile Include="entity.cpp">
      <Filter>ecs\system\entity</Filter>
    </ClCompile>
    <ClCompile Include="util_string.cpp">
      <Filter>common\base</Filter>
    </ClCompile>
    <ClCompile Include="check_time_component.cpp">
      <Filter>server\robots</Filter>
    </ClCompile>
    <ClCompile Include="redis_connector.cpp">
      <Filter>entity\redis</Filter>
    </ClCompile>
    <ClCompile Include="console_cmd_app.cpp">
      <Filter>entity\console</Filter>
    </ClCompile>
    <ClCompile Include="vector3.cpp">
      <Filter>common\math</Filter>
    </ClCompile>
    <ClCompile Include="socket_locator.cpp">
      <Filter>entity\network\locator</Filter>
    </ClCompile>
    <ClCompile Include="console_efficiency_component.cpp">
      <Filter>entity\console\efficiency</Filter>
    </ClCompile>
    <ClCompile Include="efficiency_thread_component.cpp">
      <Filter>entity\console\efficiency</Filter>
    </ClCompile>
    <ClCompile Include="console_cmd_efficiency.cpp">
      <Filter>entity\console\efficiency</Filter>
    </ClCompile>
    <ClCompile Include="mongoose\mongoose.c">
      <Filter>entity\network\mongoose</Filter>
    </ClCompile>
    <ClCompile Include="protobuf\db.pb.cc">
      <Filter>ecs\system\message\protobuf</Filter>
    </ClCompile>
    <ClCompile Include="protobuf\msg.pb.cc">
      <Filter>ecs\system\message\protobuf</Filter>
    </ClCompile>
    <ClCompile Include="protobuf\proto_id.pb.cc">
      <Filter>ecs\system\message\protobuf</Filter>
    </ClCompile>
  </ItemGroup>
</Project>